
Microsoft Visual Studio Solution File, Format Version 12.00
# Visual Studio Version 16
VisualStudioVersion = 16.0.31105.61
MinimumVisualStudioVersion = 10.0.40219.1
Project("{FAE04EC0-301F-11D3-BF4B-00C04F79EFBC}") = "BackgroundWorker", "BackgroundWorker\BackgroundWorker.csproj", "{AF7C746A-328E-465B-BD15-D19D24977E6A}"
EndProject
Global
	GlobalSection(SolutionConfigurationPlatforms) = preSolution
		Debug|Any CPU = Debug|Any CPU
		Release|Any CPU = Release|Any CPU
	EndGlobalSection
	GlobalSection(ProjectConfigurationPlatforms) = postSolution
		{AF7C746A-328E-465B-BD15-D19D24977E6A}.Debug|Any CPU.ActiveCfg = Debug|Any CPU
		{AF7C746A-328E-465B-BD15-D19D24977E6A}.Debug|Any CPU.Build.0 = Debug|Any CPU
		{AF7C746A-328E-465B-BD15-D19D24977E6A}.Release|Any CPU.ActiveCfg = Release|Any CPU
		{AF7C746A-328E-465B-BD15-D19D24977E6A}.Release|Any CPU.Build.0 = Release|Any CPU
	EndGlobalSection
	GlobalSection(SolutionProperties) = preSolution
		HideSolutionNode = FALSE
	EndGlobalSection
	GlobalSection(ExtensibilityGlobals) = postSolution
		SolutionGuid = {63383000-13D2-44EE-90DE-EAB393C5CE0C}
	EndGlobalSection
EndGlobal
